
Microsoft Visual Studio Solution File, Format Version 12.00
# Visual Studio Version 16
VisualStudioVersion = 16.0.29519.181
MinimumVisualStudioVersion = 10.0.40219.1
Project("{2150E333-8FDC-42A3-9474-1A3956D46DE8}") = "Config", "Config", "{6BDAE5C1-D308-42EF-8B1C-60964D58A384}"
ProjectSection(SolutionItems) = preProject
	CodeAnalysis.ruleset = CodeAnalysis.ruleset
	global.json = global.json
	..\CHANGELOG.md = ..\CHANGELOG.md
	..\README.md = ..\README.md
	..\.github\labeler.yml = ..\.github\labeler.yml
	..\.github\labels.yml = ..\.github\labels.yml
EndProjectSection
EndProject
Project("{2150E333-8FDC-42A3-9474-1A3956D46DE8}") = "Server", "Server", "{4C9C7072-B117-48F4-A250-068B44C7C8CA}"
EndProject
Project("{FAE04EC0-301F-11D3-BF4B-00C04F79EFBC}") = "AD0001.Publish.Example.Server", "AD0001.Publish.Example.Server\AD0001.Publish.Example.Server.csproj", "{11183690-B635-4AD6-842D-63B134BDB26D}"
EndProject
Project("{FAE04EC0-301F-11D3-BF4B-00C04F79EFBC}") = "AD0001.Publish.Example.Lib1", "AD0001.Publish.Example.Lib1\AD0001.Publish.Example.Lib1.csproj", "{2D5121C8-880F-4B03-AD45-E16A19505463}"
EndProject
Global
	GlobalSection(ProjectConfigurationPlatforms) = postSolution
		{11183690-B635-4AD6-842D-63B134BDB26D}.Debug|Any CPU.ActiveCfg = Debug|Any CPU
		{11183690-B635-4AD6-842D-63B134BDB26D}.Debug|Any CPU.Build.0 = Debug|Any CPU
		{11183690-B635-4AD6-842D-63B134BDB26D}.Release|Any CPU.ActiveCfg = Release|Any CPU
		{11183690-B635-4AD6-842D-63B134BDB26D}.Release|Any CPU.Build.0 = Release|Any CPU
		{2D5121C8-880F-4B03-AD45-E16A19505463}.Debug|Any CPU.ActiveCfg = Debug|Any CPU
		{2D5121C8-880F-4B03-AD45-E16A19505463}.Debug|Any CPU.Build.0 = Debug|Any CPU
		{2D5121C8-880F-4B03-AD45-E16A19505463}.Release|Any CPU.ActiveCfg = Release|Any CPU
		{2D5121C8-880F-4B03-AD45-E16A19505463}.Release|Any CPU.Build.0 = Release|Any CPU
	EndGlobalSection
	GlobalSection(SolutionConfigurationPlatforms) = preSolution
		Debug|Any CPU = Debug|Any CPU
		Release|Any CPU = Release|Any CPU
	EndGlobalSection
	GlobalSection(NestedProjects) = preSolution
		{11183690-B635-4AD6-842D-63B134BDB26D} = {4C9C7072-B117-48F4-A250-068B44C7C8CA}
	EndGlobalSection
EndGlobal
